
Microsoft Visual Studio Solution File, Format Version 12.00
# Visual Studio Version 16
VisualStudioVersion = 16.0.31624.102
MinimumVisualStudioVersion = 10.0.40219.1
Project("{FAE04EC0-301F-11D3-BF4B-00C04F79EFBC}") = "SistemaChamados", "SistemaChamados\SistemaChamados.csproj", "{5E24B926-A83B-454D-AC52-18387DB72723}"
EndProject
Global
	GlobalSection(SolutionConfigurationPlatforms) = preSolution
		Debug|Any CPU = Debug|Any CPU
		Release|Any CPU = Release|Any CPU
	EndGlobalSection
	GlobalSection(ProjectConfigurationPlatforms) = postSolution
		{5E24B926-A83B-454D-AC52-18387DB72723}.Debug|Any CPU.ActiveCfg = Debug|Any CPU
		{5E24B926-A83B-454D-AC52-18387DB72723}.Debug|Any CPU.Build.0 = Debug|Any CPU
		{5E24B926-A83B-454D-AC52-18387DB72723}.Release|Any CPU.ActiveCfg = Release|Any CPU
		{5E24B926-A83B-454D-AC52-18387DB72723}.Release|Any CPU.Build.0 = Release|Any CPU
	EndGlobalSection
	GlobalSection(SolutionProperties) = preSolution
		HideSolutionNode = FALSE
	EndGlobalSection
	GlobalSection(ExtensibilityGlobals) = postSolution
		SolutionGuid = {28C89977-D130-410E-B1DF-7E58F6CF78E1}
	EndGlobalSection
EndGlobal
